
Microsoft Visual Studio Solution File, Format Version 12.00
Project("{FAE04EC0-301F-11D3-BF4B-00C04F79EFBC}") = "pAPI", "pAPI\pAPI.csproj", "{2806DC1A-5A6B-4BFA-BFA0-0E3EACAB4A5D}"
EndProject
Project("{FAE04EC0-301F-11D3-BF4B-00C04F79EFBC}") = "Domain", "Domain\Domain.csproj", "{FD4DA996-4CE2-40AC-AE23-FE8A0E29182B}"
EndProject
Project("{FAE04EC0-301F-11D3-BF4B-00C04F79EFBC}") = "Infrastructure", "Infrastructure\Infrastructure.csproj", "{4348505D-270E-4C0F-962E-5B4D3A419215}"
EndProject
Project("{FAE04EC0-301F-11D3-BF4B-00C04F79EFBC}") = "Application", "Application\Application.csproj", "{DBF9F733-E96E-4EAF-A820-1CDDCD8D72BA}"
EndProject
Project("{FAE04EC0-301F-11D3-BF4B-00C04F79EFBC}") = "pApi.UnitTest", "pApi.UnitTest\pApi.UnitTest.csproj", "{E16F0470-FA0C-44EC-8D0A-43F57C30EC72}"
EndProject
Global
	GlobalSection(SolutionConfigurationPlatforms) = preSolution
		Debug|Any CPU = Debug|Any CPU
		Release|Any CPU = Release|Any CPU
	EndGlobalSection
	GlobalSection(ProjectConfigurationPlatforms) = postSolution
		{2806DC1A-5A6B-4BFA-BFA0-0E3EACAB4A5D}.Debug|Any CPU.ActiveCfg = Debug|Any CPU
		{2806DC1A-5A6B-4BFA-BFA0-0E3EACAB4A5D}.Debug|Any CPU.Build.0 = Debug|Any CPU
		{2806DC1A-5A6B-4BFA-BFA0-0E3EACAB4A5D}.Release|Any CPU.ActiveCfg = Release|Any CPU
		{2806DC1A-5A6B-4BFA-BFA0-0E3EACAB4A5D}.Release|Any CPU.Build.0 = Release|Any CPU
		{FD4DA996-4CE2-40AC-AE23-FE8A0E29182B}.Debug|Any CPU.ActiveCfg = Debug|Any CPU
		{FD4DA996-4CE2-40AC-AE23-FE8A0E29182B}.Debug|Any CPU.Build.0 = Debug|Any CPU
		{FD4DA996-4CE2-40AC-AE23-FE8A0E29182B}.Release|Any CPU.ActiveCfg = Release|Any CPU
		{FD4DA996-4CE2-40AC-AE23-FE8A0E29182B}.Release|Any CPU.Build.0 = Release|Any CPU
		{4348505D-270E-4C0F-962E-5B4D3A419215}.Debug|Any CPU.ActiveCfg = Debug|Any CPU
		{4348505D-270E-4C0F-962E-5B4D3A419215}.Debug|Any CPU.Build.0 = Debug|Any CPU
		{4348505D-270E-4C0F-962E-5B4D3A419215}.Release|Any CPU.ActiveCfg = Release|Any CPU
		{4348505D-270E-4C0F-962E-5B4D3A419215}.Release|Any CPU.Build.0 = Release|Any CPU
		{DBF9F733-E96E-4EAF-A820-1CDDCD8D72BA}.Debug|Any CPU.ActiveCfg = Debug|Any CPU
		{DBF9F733-E96E-4EAF-A820-1CDDCD8D72BA}.Debug|Any CPU.Build.0 = Debug|Any CPU
		{DBF9F733-E96E-4EAF-A820-1CDDCD8D72BA}.Release|Any CPU.ActiveCfg = Release|Any CPU
		{DBF9F733-E96E-4EAF-A820-1CDDCD8D72BA}.Release|Any CPU.Build.0 = Release|Any CPU
		{E16F0470-FA0C-44EC-8D0A-43F57C30EC72}.Debug|Any CPU.ActiveCfg = Debug|Any CPU
		{E16F0470-FA0C-44EC-8D0A-43F57C30EC72}.Debug|Any CPU.Build.0 = Debug|Any CPU
		{E16F0470-FA0C-44EC-8D0A-43F57C30EC72}.Release|Any CPU.ActiveCfg = Release|Any CPU
		{E16F0470-FA0C-44EC-8D0A-43F57C30EC72}.Release|Any CPU.Build.0 = Release|Any CPU
	EndGlobalSection
EndGlobal
